// !$*UTF8*$!
{
	archiveVersion = 1;
	classes = {
	};
	objectVersion = 51;
	objects = {

/* Begin PBXBuildFile section */
		01560E63618BEDC1BB790FA9 /* Pods_GAMR.framework in Frameworks */ = {isa = PBXBuildFile; fileRef = 422C8FCFA7F422347D8D6283 /* Pods_GAMR.framework */; };
		A0459DF72383165F00D06ECB /* AppDelegate.swift in Sources */ = {isa = PBXBuildFile; fileRef = A0459DF62383165F00D06ECB /* AppDelegate.swift */; };
		A0459DF92383165F00D06ECB /* SceneDelegate.swift in Sources */ = {isa = PBXBuildFile; fileRef = A0459DF82383165F00D06ECB /* SceneDelegate.swift */; };
		A0459DFB2383165F00D06ECB /* ViewController.swift in Sources */ = {isa = PBXBuildFile; fileRef = A0459DFA2383165F00D06ECB /* ViewController.swift */; };
		A0459DFE2383165F00D06ECB /* Main.storyboard in Resources */ = {isa = PBXBuildFile; fileRef = A0459DFC2383165F00D06ECB /* Main.storyboard */; };
		A0459E002383165F00D06ECB /* Assets.xcassets in Resources */ = {isa = PBXBuildFile; fileRef = A0459DFF2383165F00D06ECB /* Assets.xcassets */; };
		A0459E032383165F00D06ECB /* LaunchScreen.storyboard in Resources */ = {isa = PBXBuildFile; fileRef = A0459E012383165F00D06ECB /* LaunchScreen.storyboard */; };
		A0F159FF23831C62003D305C /* GoogleService-Info.plist in Resources */ = {isa = PBXBuildFile; fileRef = A0F159FE23831C62003D305C /* GoogleService-Info.plist */; };
/* End PBXBuildFile section */

/* Begin PBXFileReference section */
		0C9F32B99EE7BDD70B2B159C /* Pods-GAMR.debug.xcconfig */ = {isa = PBXFileReference; includeInIndex = 1; lastKnownFileType = text.xcconfig; name = "Pods-GAMR.debug.xcconfig"; path = "Target Support Files/Pods-GAMR/Pods-GAMR.debug.xcconfig"; sourceTree = "<group>"; };
		422C8FCFA7F422347D8D6283 /* Pods_GAMR.framework */ = {isa = PBXFileReference; explicitFileType = wrapper.framework; includeInIndex = 0; path = Pods_GAMR.framework; sourceTree = BUILT_PRODUCTS_DIR; };
		A0459DF32383165F00D06ECB /* GAMR.app */ = {isa = PBXFileReference; explicitFileType = wrapper.application; includeInIndex = 0; path = GAMR.app; sourceTree = BUILT_PRODUCTS_DIR; };
		A0459DF62383165F00D06ECB /* AppDelegate.swift */ = {isa = PBXFileReference; lastKnownFileType = sourcecode.swift; path = AppDelegate.swift; sourceTree = "<group>"; };
		A0459DF82383165F00D06ECB /* SceneDelegate.swift */ = {isa = PBXFileReference; lastKnownFileType = sourcecode.swift; path = SceneDelegate.swift; sourceTree = "<group>"; };
		A0459DFA2383165F00D06ECB /* ViewController.swift */ = {isa = PBXFileReference; lastKnownFileType = sourcecode.swift; path = ViewController.swift; sourceTree = "<group>"; };
		A0459DFD2383165F00D06ECB /* Base */ = {isa = PBXFileReference; lastKnownFileType = file.storyboard; name = Base; path = Base.lproj/Main.storyboard; sourceTree = "<group>"; };
		A0459DFF2383165F00D06ECB /* Assets.xcassets */ = {isa = PBXFileReference; lastKnownFileType = folder.assetcatalog; path = Assets.xcassets; sourceTree = "<group>"; };
		A0459E022383165F00D06ECB /* Base */ = {isa = PBXFileReference; lastKnownFileType = file.storyboard; name = Base; path = Base.lproj/LaunchScreen.storyboard; sourceTree = "<group>"; };
		A0459E042383165F00D06ECB /* Info.plist */ = {isa = PBXFileReference; lastKnownFileType = text.plist.xml; path = Info.plist; sourceTree = "<group>"; };
		A0F159FE23831C62003D305C /* GoogleService-Info.plist */ = {isa = PBXFileReference; fileEncoding = 4; lastKnownFileType = text.plist.xml; path = "GoogleService-Info.plist"; sourceTree = "<group>"; };
		EB423B6633BCD6DDD937F33E /* Pods-GAMR.release.xcconfig */ = {isa = PBXFileReference; includeInIndex = 1; lastKnownFileType = text.xcconfig; name = "Pods-GAMR.release.xcconfig"; path = "Target Support Files/Pods-GAMR/Pods-GAMR.release.xcconfig"; sourceTree = "<group>"; };
/* End PBXFileReference section */

/* Begin PBXFrameworksBuildPhase section */
		A0459DF02383165F00D06ECB /* Frameworks */ = {
			isa = PBXFrameworksBuildPhase;
			buildActionMask = 2147483647;
			files = (
				01560E63618BEDC1BB790FA9 /* Pods_GAMR.framework in Frameworks */,
			);
			runOnlyForDeploymentPostprocessing = 0;
		};
/* End PBXFrameworksBuildPhase section */

/* Begin PBXGroup section */
		A0459DEA2383165F00D06ECB = {
			isa = PBXGroup;
			children = (
				A0459DF52383165F00D06ECB /* GAMR */,
				A0459DF42383165F00D06ECB /* Products */,
				B252C56264857364FBC65246 /* Pods */,
				C489C98E92F818912A35F8CF /* Frameworks */,
			);
			sourceTree = "<group>";
		};
		A0459DF42383165F00D06ECB /* Products */ = {
			isa = PBXGroup;
			children = (
				A0459DF32383165F00D06ECB /* GAMR.app */,
			);
			name = Products;
			sourceTree = "<group>";
		};
		A0459DF52383165F00D06ECB /* GAMR */ = {
			isa = PBXGroup;
			children = (
				A0459DF62383165F00D06ECB /* AppDelegate.swift */,
				A0459DF82383165F00D06ECB /* SceneDelegate.swift */,
				A0459DFA2383165F00D06ECB /* ViewController.swift */,
				A0459DFC2383165F00D06ECB /* Main.storyboard */,
				A0459DFF2383165F00D06ECB /* Assets.xcassets */,
				A0459E012383165F00D06ECB /* LaunchScreen.storyboard */,
				A0459E042383165F00D06ECB /* Info.plist */,
				A0F159FE23831C62003D305C /* GoogleService-Info.plist */,
			);
			path = GAMR;
			sourceTree = "<group>";
		};
		B252C56264857364FBC65246 /* Pods */ = {
			isa = PBXGroup;
			children = (
				0C9F32B99EE7BDD70B2B159C /* Pods-GAMR.debug.xcconfig */,
				EB423B6633BCD6DDD937F33E /* Pods-GAMR.release.xcconfig */,
			);
			path = Pods;
			sourceTree = "<group>";
		};
		C489C98E92F818912A35F8CF /* Frameworks */ = {
			isa = PBXGroup;
			children = (
				422C8FCFA7F422347D8D6283 /* Pods_GAMR.framework */,
			);
			name = Frameworks;
			sourceTree = "<group>";
		};
/* End PBXGroup section */

/* Begin PBXNativeTarget section */
		A0459DF22383165F00D06ECB /* GAMR */ = {
			isa = PBXNativeTarget;
			buildConfigurationList = A0459E072383165F00D06ECB /* Build configuration list for PBXNativeTarget "GAMR" */;
			buildPhases = (
				D6AD989C626BB3D44513EBF9 /* [CP] Check Pods Manifest.lock */,
				A0459DEF2383165F00D06ECB /* Sources */,
				A0459DF02383165F00D06ECB /* Frameworks */,
				A0459DF12383165F00D06ECB /* Resources */,
				14B1537176DE88B971EA5C08 /* [CP] Embed Pods Frameworks */,
			);
			buildRules = (
			);
			dependencies = (
			);
			name = GAMR;
			productName = GAMR;
			productReference = A0459DF32383165F00D06ECB /* GAMR.app */;
			productType = "com.apple.product-type.application";
		};
/* End PBXNativeTarget section */

/* Begin PBXProject section */
		A0459DEB2383165F00D06ECB /* Project object */ = {
			isa = PBXProject;
			attributes = {
				LastSwiftUpdateCheck = 1120;
				LastUpgradeCheck = 1120;
				ORGANIZATIONNAME = "Rayan Syed";
				TargetAttributes = {
					A0459DF22383165F00D06ECB = {
						CreatedOnToolsVersion = 11.2.1;
					};
				};
			};
			buildConfigurationList = A0459DEE2383165F00D06ECB /* Build configuration list for PBXProject "GAMR" */;
			compatibilityVersion = "Xcode 9.3";
			developmentRegion = en;
			hasScannedForEncodings = 0;
			knownRegions = (
				en,
				Base,
			);
			mainGroup = A0459DEA2383165F00D06ECB;
			productRefGroup = A0459DF42383165F00D06ECB /* Products */;
			projectDirPath = "";
			projectRoot = "";
			targets = (
				A0459DF22383165F00D06ECB /* GAMR */,
			);
		};
/* End PBXProject section */

/* Begin PBXResourcesBuildPhase section */
		A0459DF12383165F00D06ECB /* Resources */ = {
			isa = PBXResourcesBuildPhase;
			buildActionMask = 2147483647;
			files = (
				A0459E032383165F00D06ECB /* LaunchScreen.storyboard in Resources */,
				A0459E002383165F00D06ECB /* Assets.xcassets in Resources */,
				A0F159FF23831C62003D305C /* GoogleService-Info.plist in Resources */,
				A0459DFE2383165F00D06ECB /* Main.storyboard in Resources */,
			);
			runOnlyForDeploymentPostprocessing = 0;
		};
/* End PBXResourcesBuildPhase section */

/* Begin PBXShellScriptBuildPhase section */
		14B1537176DE88B971EA5C08 /* [CP] Embed Pods Frameworks */ = {
			isa = PBXShellScriptBuildPhase;
			buildActionMask = 2147483647;
			files = (
			);
			inputFileListPaths = (
				"${PODS_ROOT}/Target Support Files/Pods-GAMR/Pods-GAMR-frameworks-${CONFIGURATION}-input-files.xcfilelist",
			);
			name = "[CP] Embed Pods Frameworks";
			outputFileListPaths = (
				"${PODS_ROOT}/Target Support Files/Pods-GAMR/Pods-GAMR-frameworks-${CONFIGURATION}-output-files.xcfilelist",
			);
			runOnlyForDeploymentPostprocessing = 0;
			shellPath = /bin/sh;
			shellScript = "\"${PODS_ROOT}/Target Support Files/Pods-GAMR/Pods-GAMR-frameworks.sh\"\n";
			showEnvVarsInLog = 0;
		};
		D6AD989C626BB3D44513EBF9 /* [CP] Check Pods Manifest.lock */ = {
			isa = PBXShellScriptBuildPhase;
			buildActionMask = 2147483647;
			files = (
			);
			inputFileListPaths = (
			);
			inputPaths = (
				"${PODS_PODFILE_DIR_PATH}/Podfile.lock",
				"${PODS_ROOT}/Manifest.lock",
			);
			name = "[CP] Check Pods Manifest.lock";
			outputFileListPaths = (
			);
			outputPaths = (
				"$(DERIVED_FILE_DIR)/Pods-GAMR-checkManifestLockResult.txt",
			);
			runOnlyForDeploymentPostprocessing = 0;
			shellPath = /bin/sh;
			shellScript = "diff \"${PODS_PODFILE_DIR_PATH}/Podfile.lock\" \"${PODS_ROOT}/Manifest.lock\" > /dev/null\nif [ $? != 0 ] ; then\n    # print error to STDERR\n    echo \"error: The sandbox is not in sync with the Podfile.lock. Run 'pod install' or update your CocoaPods installation.\" >&2\n    exit 1\nfi\n# This output is used by Xcode 'outputs' to avoid re-running this script phase.\necho \"SUCCESS\" > \"${SCRIPT_OUTPUT_FILE_0}\"\n";
			showEnvVarsInLog = 0;
		};
/* End PBXShellScriptBuildPhase section */

/* Begin PBXSourcesBuildPhase section */
		A0459DEF2383165F00D06ECB /* Sources */ = {
			isa = PBXSourcesBuildPhase;
			buildActionMask = 2147483647;
			files = (
				A0459DFB2383165F00D06ECB /* ViewController.swift in Sources */,
				A0459DF72383165F00D06ECB /* AppDelegate.swift in Sources */,
				A0459DF92383165F00D06ECB /* SceneDelegate.swift in Sources */,
			);
			runOnlyForDeploymentPostprocessing = 0;
		};
/* End PBXSourcesBuildPhase section */

/* Begin PBXVariantGroup section */
		A0459DFC2383165F00D06ECB /* Main.storyboard */ = {
			isa = PBXVariantGroup;
			children = (
				A0459DFD2383165F00D06ECB /* Base */,
			);
			name = Main.storyboard;
			sourceTree = "<group>";
		};
		A0459E012383165F00D06ECB /* LaunchScreen.storyboard */ = {
			isa = PBXVariantGroup;
			children = (
				A0459E022383165F00D06ECB /* Base */,
			);
			name = LaunchScreen.storyboard;
			sourceTree = "<group>";
		};
/* End PBXVariantGroup section */

/* Begin XCBuildConfiguration section */
		A0459E052383165F00D06ECB /* Debug */ = {
			isa = XCBuildConfiguration;
			buildSettings = {
				ALWAYS_SEARCH_USER_PATHS = NO;
				CLANG_ANALYZER_NONNULL = YES;
				CLANG_ANALYZER_NUMBER_OBJECT_CONVERSION = YES_AGGRESSIVE;
				CLANG_CXX_LANGUAGE_STANDARD = "gnu++14";
				CLANG_CXX_LIBRARY = "libc++";
				CLANG_ENABLE_MODULES = YES;
				CLANG_ENABLE_OBJC_ARC = YES;
				CLANG_ENABLE_OBJC_WEAK = YES;
				CLANG_WARN_BLOCK_CAPTURE_AUTORELEASING = YES;
				CLANG_WARN_BOOL_CONVERSION = YES;
				CLANG_WARN_COMMA = YES;
				CLANG_WARN_CONSTANT_CONVERSION = YES;
				CLANG_WARN_DEPRECATED_OBJC_IMPLEMENTATIONS = YES;
				CLANG_WARN_DIRECT_OBJC_ISA_USAGE = YES_ERROR;
				CLANG_WARN_DOCUMENTATION_COMMENTS = YES;
				CLANG_WARN_EMPTY_BODY = YES;
				CLANG_WARN_ENUM_CONVERSION = YES;
				CLANG_WARN_INFINITE_RECURSION = YES;
				CLANG_WARN_INT_CONVERSION = YES;
				CLANG_WARN_NON_LITERAL_NULL_CONVERSION = YES;
				CLANG_WARN_OBJC_IMPLICIT_RETAIN_SELF = YES;
				CLANG_WARN_OBJC_LITERAL_CONVERSION = YES;
				CLANG_WARN_OBJC_ROOT_CLASS = YES_ERROR;
				CLANG_WARN_RANGE_LOOP_ANALYSIS = YES;
				CLANG_WARN_STRICT_PROTOTYPES = YES;
				CLANG_WARN_SUSPICIOUS_MOVE = YES;
				CLANG_WARN_UNGUARDED_AVAILABILITY = YES_AGGRESSIVE;
				CLANG_WARN_UNREACHABLE_CODE = YES;
				CLANG_WARN__DUPLICATE_METHOD_MATCH = YES;
				COPY_PHASE_STRIP = NO;
				DEBUG_INFORMATION_FORMAT = dwarf;
				ENABLE_STRICT_OBJC_MSGSEND = YES;
				ENABLE_TESTABILITY = YES;
				GCC_C_LANGUAGE_STANDARD = gnu11;
				GCC_DYNAMIC_NO_PIC = NO;
				GCC_NO_COMMON_BLOCKS = YES;
				GCC_OPTIMIZATION_LEVEL = 0;
				GCC_PREPROCESSOR_DEFINITIONS = (
					"DEBUG=1",
					"$(inherited)",
				);
				GCC_WARN_64_TO_32_BIT_CONVERSION = YES;
				GCC_WARN_ABOUT_RETURN_TYPE = YES_ERROR;
				GCC_WARN_UNDECLARED_SELECTOR = YES;
				GCC_WARN_UNINITIALIZED_AUTOS = YES_AGGRESSIVE;
				GCC_WARN_UNUSED_FUNCTION = YES;
				GCC_WARN_UNUSED_VARIABLE = YES;
				IPHONEOS_DEPLOYMENT_TARGET = 13.2;
				MTL_ENABLE_DEBUG_INFO = INCLUDE_SOURCE;
				MTL_FAST_MATH = YES;
				ONLY_ACTIVE_ARCH = YES;
				SDKROOT = iphoneos;
				SWIFT_ACTIVE_COMPILATION_CONDITIONS = DEBUG;
				SWIFT_OPTIMIZATION_LEVEL = "-Onone";
			};
			name = Debug;
		};
		A0459E062383165F00D06ECB /* Release */ = {
			isa = XCBuildConfiguration;
			buildSettings = {
				ALWAYS_SEARCH_USER_PATHS = NO;
				CLANG_ANALYZER_NONNULL = YES;
				CLANG_ANALYZER_NUMBER_OBJECT_CONVERSION = YES_AGGRESSIVE;
				CLANG_CXX_LANGUAGE_STANDARD = "gnu++14";
				CLANG_CXX_LIBRARY = "libc++";
				CLANG_ENABLE_MODULES = YES;
				CLANG_ENABLE_OBJC_ARC = YES;
				CLANG_ENABLE_OBJC_WEAK = YES;
				CLANG_WARN_BLOCK_CAPTURE_AUTORELEASING = YES;
				CLANG_WARN_BOOL_CONVERSION = YES;
				CLANG_WARN_COMMA = YES;
				CLANG_WARN_CONSTANT_CONVERSION = YES;
				CLANG_WARN_DEPRECATED_OBJC_IMPLEMENTATIONS = YES;
				CLANG_WARN_DIRECT_OBJC_ISA_USAGE = YES_ERROR;
				CLANG_WARN_DOCUMENTATION_COMMENTS = YES;
				CLANG_WARN_EMPTY_BODY = YES;
				CLANG_WARN_ENUM_CONVERSION = YES;
				CLANG_WARN_INFINITE_RECURSION = YES;
				CLANG_WARN_INT_CONVERSION = YES;
				CLANG_WARN_NON_LITERAL_NULL_CONVERSION = YES;
				CLANG_WARN_OBJC_IMPLICIT_RETAIN_SELF = YES;
				CLANG_WARN_OBJC_LITERAL_CONVERSION = YES;
				CLANG_WARN_OBJC_ROOT_CLASS = YES_ERROR;
				CLANG_WARN_RANGE_LOOP_ANALYSIS = YES;
				CLANG_WARN_STRICT_PROTOTYPES = YES;
				CLANG_WARN_SUSPICIOUS_MOVE = YES;
				CLANG_WARN_UNGUARDED_AVAILABILITY = YES_AGGRESSIVE;
				CLANG_WARN_UNREACHABLE_CODE = YES;
				CLANG_WARN__DUPLICATE_METHOD_MATCH = YES;
				COPY_PHASE_STRIP = NO;
				DEBUG_INFORMATION_FORMAT = "dwarf-with-dsym";
				ENABLE_NS_ASSERTIONS = NO;
				ENABLE_STRICT_OBJC_MSGSEND = YES;
				GCC_C_LANGUAGE_STANDARD = gnu11;
				GCC_NO_COMMON_BLOCKS = YES;
				GCC_WARN_64_TO_32_BIT_CONVERSION = YES;
				GCC_WARN_ABOUT_RETURN_TYPE = YES_ERROR;
				GCC_WARN_UNDECLARED_SELECTOR = YES;
				GCC_WARN_UNINITIALIZED_AUTOS = YES_AGGRESSIVE;
				GCC_WARN_UNUSED_FUNCTION = YES;
				GCC_WARN_UNUSED_VARIABLE = YES;
				IPHONEOS_DEPLOYMENT_TARGET = 13.2;
				MTL_ENABLE_DEBUG_INFO = NO;
				MTL_FAST_MATH = YES;
				SDKROOT = iphoneos;
				SWIFT_COMPILATION_MODE = wholemodule;
				SWIFT_OPTIMIZATION_LEVEL = "-O";
				VALIDATE_PRODUCT = YES;
			};
			name = Release;
		};
		A0459E082383165F00D06ECB /* Debug */ = {
			isa = XCBuildConfiguration;
			baseConfigurationReference = 0C9F32B99EE7BDD70B2B159C /* Pods-GAMR.debug.xcconfig */;
			buildSettings = {
				ASSETCATALOG_COMPILER_APPICON_NAME = AppIcon;
				CODE_SIGN_STYLE = Automatic;
				INFOPLIST_FILE = GAMR/Info.plist;
				LD_RUNPATH_SEARCH_PATHS = (
					"$(inherited)",
					"@executable_path/Frameworks",
				);
				PRODUCT_BUNDLE_IDENTIFIER = CM.GAMR;
				PRODUCT_NAME = "$(TARGET_NAME)";
				SWIFT_VERSION = 5.0;
				TARGETED_DEVICE_FAMILY = "1,2";
			};
			name = Debug;
		};
		A0459E092383165F00D06ECB /* Release */ = {
			isa = XCBuildConfiguration;
			baseConfigurationReference = EB423B6633BCD6DDD937F33E /* Pods-GAMR.release.xcconfig */;
			buildSettings = {
				ASSETCATALOG_COMPILER_APPICON_NAME = AppIcon;
				CODE_SIGN_STYLE = Automatic;
				INFOPLIST_FILE = GAMR/Info.plist;
				LD_RUNPATH_SEARCH_PATHS = (
					"$(inherited)",
					"@executable_path/Frameworks",
				);
				PRODUCT_BUNDLE_IDENTIFIER = CM.GAMR;
				PRODUCT_NAME = "$(TARGET_NAME)";
				SWIFT_VERSION = 5.0;
				TARGETED_DEVICE_FAMILY = "1,2";
			};
			name = Release;
		};
/* End XCBuildConfiguration section */

/* Begin XCConfigurationList section */
		A0459DEE2383165F00D06ECB /* Build configuration list for PBXProject "GAMR" */ = {
			isa = XCConfigurationList;
			buildConfigurations = (
				A0459E052383165F00D06ECB /* Debug */,
				A0459E062383165F00D06ECB /* Release */,
			);
			defaultConfigurationIsVisible = 0;
			defaultConfigurationName = Release;
		};
		A0459E072383165F00D06ECB /* Build configuration list for PBXNativeTarget "GAMR" */ = {
			isa = XCConfigurationList;
			buildConfigurations = (
				A0459E082383165F00D06ECB /* Debug */,
				A0459E092383165F00D06ECB /* Release */,
			);
			defaultConfigurationIsVisible = 0;
			defaultConfigurationName = Release;
		};
/* End XCConfigurationList section */
	};
	rootObject = A0459DEB2383165F00D06ECB /* Project object */;
}
